
Microsoft Visual Studio Solution File, Format Version 12.00
Project("{FAE04EC0-301F-11D3-BF4B-00C04F79EFBC}") = "SpecificationExtensions.Core", "SpecificationExtensions.Core\SpecificationExtensions.Core.csproj", "{10AC25E9-6776-4AB5-A2BD-2CA3C94F4FC8}"
EndProject
Project("{FAE04EC0-301F-11D3-BF4B-00C04F79EFBC}") = "SpecificationExtensions.Generators", "SpecificationExtensions.Generators\SpecificationExtensions.Generators.csproj", "{A455CFBE-6AE1-4904-8C63-543C58267FA9}"
EndProject
Global
	GlobalSection(SolutionConfigurationPlatforms) = preSolution
		Debug|Any CPU = Debug|Any CPU
		Release|Any CPU = Release|Any CPU
	EndGlobalSection
	GlobalSection(ProjectConfigurationPlatforms) = postSolution
		{10AC25E9-6776-4AB5-A2BD-2CA3C94F4FC8}.Debug|Any CPU.ActiveCfg = Debug|Any CPU
		{10AC25E9-6776-4AB5-A2BD-2CA3C94F4FC8}.Debug|Any CPU.Build.0 = Debug|Any CPU
		{10AC25E9-6776-4AB5-A2BD-2CA3C94F4FC8}.Release|Any CPU.ActiveCfg = Release|Any CPU
		{10AC25E9-6776-4AB5-A2BD-2CA3C94F4FC8}.Release|Any CPU.Build.0 = Release|Any CPU
		{A455CFBE-6AE1-4904-8C63-543C58267FA9}.Debug|Any CPU.ActiveCfg = Debug|Any CPU
		{A455CFBE-6AE1-4904-8C63-543C58267FA9}.Debug|Any CPU.Build.0 = Debug|Any CPU
		{A455CFBE-6AE1-4904-8C63-543C58267FA9}.Release|Any CPU.ActiveCfg = Release|Any CPU
		{A455CFBE-6AE1-4904-8C63-543C58267FA9}.Release|Any CPU.Build.0 = Release|Any CPU
	EndGlobalSection
EndGlobal
